
Microsoft Visual Studio Solution File, Format Version 12.00
# Visual Studio 15
VisualStudioVersion = 15.0.26430.12
MinimumVisualStudioVersion = 10.0.40219.1
Project("{D954291E-2A0B-460D-934E-DC6B0785DB48}") = "Modul3_Practice", "Modul3-Practice\Modul3_Practice\Modul3_Practice.shproj", "{208F76F2-BE43-403D-957A-2E21050FE805}"
EndProject
Project("{FAE04EC0-301F-11D3-BF4B-00C04F79EFBC}") = "Modul3_Practice.Android", "Modul3-Practice\Modul3_Practice.Android\Modul3_Practice.Android.csproj", "{04E37ABE-C172-4B33-99BD-C1E3EA91F0F8}"
EndProject
Project("{FAE04EC0-301F-11D3-BF4B-00C04F79EFBC}") = "Modul3_Practice.iOS", "Modul3-Practice\Modul3_Practice.iOS\Modul3_Practice.iOS.csproj", "{D56A5C8C-5F34-4665-A650-D105EA3D893C}"
EndProject
Project("{FAE04EC0-301F-11D3-BF4B-00C04F79EFBC}") = "Modul3_Practice.UWP", "Modul3-Practice\Modul3_Practice.UWP\Modul3_Practice.UWP.csproj", "{A3DBF6BB-FE99-492E-973D-7074C60B886B}"
EndProject
Global
	GlobalSection(SharedMSBuildProjectFiles) = preSolution
		Modul3-Practice\Modul3_Practice\Modul3_Practice.projitems*{04e37abe-c172-4b33-99bd-c1e3ea91f0f8}*SharedItemsImports = 4
		Modul3-Practice\Modul3_Practice\Modul3_Practice.projitems*{208f76f2-be43-403d-957a-2e21050fe805}*SharedItemsImports = 13
		Modul3-Practice\Modul3_Practice\Modul3_Practice.projitems*{d56a5c8c-5f34-4665-a650-d105ea3d893c}*SharedItemsImports = 4
	EndGlobalSection
	GlobalSection(SolutionConfigurationPlatforms) = preSolution
		Ad-Hoc|Any CPU = Ad-Hoc|Any CPU
		Ad-Hoc|ARM = Ad-Hoc|ARM
		Ad-Hoc|iPhone = Ad-Hoc|iPhone
		Ad-Hoc|iPhoneSimulator = Ad-Hoc|iPhoneSimulator
		Ad-Hoc|x64 = Ad-Hoc|x64
		Ad-Hoc|x86 = Ad-Hoc|x86
		AppStore|Any CPU = AppStore|Any CPU
		AppStore|ARM = AppStore|ARM
		AppStore|iPhone = AppStore|iPhone
		AppStore|iPhoneSimulator = AppStore|iPhoneSimulator
		AppStore|x64 = AppStore|x64
		AppStore|x86 = AppStore|x86
		Debug|Any CPU = Debug|Any CPU
		Debug|ARM = Debug|ARM
		Debug|iPhone = Debug|iPhone
		Debug|iPhoneSimulator = Debug|iPhoneSimulator
		Debug|x64 = Debug|x64
		Debug|x86 = Debug|x86
		Release|Any CPU = Release|Any CPU
		Release|ARM = Release|ARM
		Release|iPhone = Release|iPhone
		Release|iPhoneSimulator = Release|iPhoneSimulator
		Release|x64 = Release|x64
		Release|x86 = Release|x86
	EndGlobalSection
	GlobalSection(ProjectConfigurationPlatforms) = postSolution
		{04E37ABE-C172-4B33-99BD-C1E3EA91F0F8}.Ad-Hoc|Any CPU.ActiveCfg = Release|Any CPU
		{04E37ABE-C172-4B33-99BD-C1E3EA91F0F8}.Ad-Hoc|Any CPU.Build.0 = Release|Any CPU
		{04E37ABE-C172-4B33-99BD-C1E3EA91F0F8}.Ad-Hoc|Any CPU.Deploy.0 = Release|Any CPU
		{04E37ABE-C172-4B33-99BD-C1E3EA91F0F8}.Ad-Hoc|ARM.ActiveCfg = Release|Any CPU
		{04E37ABE-C172-4B33-99BD-C1E3EA91F0F8}.Ad-Hoc|ARM.Build.0 = Release|Any CPU
		{04E37ABE-C172-4B33-99BD-C1E3EA91F0F8}.Ad-Hoc|ARM.Deploy.0 = Release|Any CPU
		{04E37ABE-C172-4B33-99BD-C1E3EA91F0F8}.Ad-Hoc|iPhone.ActiveCfg = Release|Any CPU
		{04E37ABE-C172-4B33-99BD-C1E3EA91F0F8}.Ad-Hoc|iPhone.Build.0 = Release|Any CPU
		{04E37ABE-C172-4B33-99BD-C1E3EA91F0F8}.Ad-Hoc|iPhone.Deploy.0 = Release|Any CPU
		{04E37ABE-C172-4B33-99BD-C1E3EA91F0F8}.Ad-Hoc|iPhoneSimulator.ActiveCfg = Release|Any CPU
		{04E37ABE-C172-4B33-99BD-C1E3EA91F0F8}.Ad-Hoc|iPhoneSimulator.Build.0 = Release|Any CPU
		{04E37ABE-C172-4B33-99BD-C1E3EA91F0F8}.Ad-Hoc|iPhoneSimulator.Deploy.0 = Release|Any CPU
		{04E37ABE-C172-4B33-99BD-C1E3EA91F0F8}.Ad-Hoc|x64.ActiveCfg = Release|Any CPU
		{04E37ABE-C172-4B33-99BD-C1E3EA91F0F8}.Ad-Hoc|x64.Build.0 = Release|Any CPU
		{04E37ABE-C172-4B33-99BD-C1E3EA91F0F8}.Ad-Hoc|x64.Deploy.0 = Release|Any CPU
		{04E37ABE-C172-4B33-99BD-C1E3EA91F0F8}.Ad-Hoc|x86.ActiveCfg = Release|Any CPU
		{04E37ABE-C172-4B33-99BD-C1E3EA91F0F8}.Ad-Hoc|x86.Build.0 = Release|Any CPU
		{04E37ABE-C172-4B33-99BD-C1E3EA91F0F8}.Ad-Hoc|x86.Deploy.0 = Release|Any CPU
		{04E37ABE-C172-4B33-99BD-C1E3EA91F0F8}.AppStore|Any CPU.ActiveCfg = Release|Any CPU
		{04E37ABE-C172-4B33-99BD-C1E3EA91F0F8}.AppStore|Any CPU.Build.0 = Release|Any CPU
		{04E37ABE-C172-4B33-99BD-C1E3EA91F0F8}.AppStore|Any CPU.Deploy.0 = Release|Any CPU
		{04E37ABE-C172-4B33-99BD-C1E3EA91F0F8}.AppStore|ARM.ActiveCfg = Release|Any CPU
		{04E37ABE-C172-4B33-99BD-C1E3EA91F0F8}.AppStore|ARM.Build.0 = Release|Any CPU
		{04E37ABE-C172-4B33-99BD-C1E3EA91F0F8}.AppStore|ARM.Deploy.0 = Release|Any CPU
		{04E37ABE-C172-4B33-99BD-C1E3EA91F0F8}.AppStore|iPhone.ActiveCfg = Release|Any CPU
		{04E37ABE-C172-4B33-99BD-C1E3EA91F0F8}.AppStore|iPhone.Build.0 = Release|Any CPU
		{04E37ABE-C172-4B33-99BD-C1E3EA91F0F8}.AppStore|iPhone.Deploy.0 = Release|Any CPU
		{04E37ABE-C172-4B33-99BD-C1E3EA91F0F8}.AppStore|iPhoneSimulator.ActiveCfg = Release|Any CPU
		{04E37ABE-C172-4B33-99BD-C1E3EA91F0F8}.AppStore|iPhoneSimulator.Build.0 = Release|Any CPU
		{04E37ABE-C172-4B33-99BD-C1E3EA91F0F8}.AppStore|iPhoneSimulator.Deploy.0 = Release|Any CPU
		{04E37ABE-C172-4B33-99BD-C1E3EA91F0F8}.AppStore|x64.ActiveCfg = Release|Any CPU
		{04E37ABE-C172-4B33-99BD-C1E3EA91F0F8}.AppStore|x64.Build.0 = Release|Any CPU
		{04E37ABE-C172-4B33-99BD-C1E3EA91F0F8}.AppStore|x64.Deploy.0 = Release|Any CPU
		{04E37ABE-C172-4B33-99BD-C1E3EA91F0F8}.AppStore|x86.ActiveCfg = Release|Any CPU
		{04E37ABE-C172-4B33-99BD-C1E3EA91F0F8}.AppStore|x86.Build.0 = Release|Any CPU
		{04E37ABE-C172-4B33-99BD-C1E3EA91F0F8}.AppStore|x86.Deploy.0 = Release|Any CPU
		{04E37ABE-C172-4B33-99BD-C1E3EA91F0F8}.Debug|Any CPU.ActiveCfg = Debug|Any CPU
		{04E37ABE-C172-4B33-99BD-C1E3EA91F0F8}.Debug|Any CPU.Build.0 = Debug|Any CPU
		{04E37ABE-C172-4B33-99BD-C1E3EA91F0F8}.Debug|Any CPU.Deploy.0 = Debug|Any CPU
		{04E37ABE-C172-4B33-99BD-C1E3EA91F0F8}.Debug|ARM.ActiveCfg = Debug|Any CPU
		{04E37ABE-C172-4B33-99BD-C1E3EA91F0F8}.Debug|ARM.Build.0 = Debug|Any CPU
		{04E37ABE-C172-4B33-99BD-C1E3EA91F0F8}.Debug|ARM.Deploy.0 = Debug|Any CPU
		{04E37ABE-C172-4B33-99BD-C1E3EA91F0F8}.Debug|iPhone.ActiveCfg = Debug|Any CPU
		{04E37ABE-C172-4B33-99BD-C1E3EA91F0F8}.Debug|iPhone.Build.0 = Debug|Any CPU
		{04E37ABE-C172-4B33-99BD-C1E3EA91F0F8}.Debug|iPhone.Deploy.0 = Debug|Any CPU
		{04E37ABE-C172-4B33-99BD-C1E3EA91F0F8}.Debug|iPhoneSimulator.ActiveCfg = Debug|Any CPU
		{04E37ABE-C172-4B33-99BD-C1E3EA91F0F8}.Debug|iPhoneSimulator.Build.0 = Debug|Any CPU
		{04E37ABE-C172-4B33-99BD-C1E3EA91F0F8}.Debug|iPhoneSimulator.Deploy.0 = Debug|Any CPU
		{04E37ABE-C172-4B33-99BD-C1E3EA91F0F8}.Debug|x64.ActiveCfg = Debug|Any CPU
		{04E37ABE-C172-4B33-99BD-C1E3EA91F0F8}.Debug|x64.Build.0 = Debug|Any CPU
		{04E37ABE-C172-4B33-99BD-C1E3EA91F0F8}.Debug|x64.Deploy.0 = Debug|Any CPU
		{04E37ABE-C172-4B33-99BD-C1E3EA91F0F8}.Debug|x86.ActiveCfg = Debug|Any CPU
		{04E37ABE-C172-4B33-99BD-C1E3EA91F0F8}.Debug|x86.Build.0 = Debug|Any CPU
		{04E37ABE-C172-4B33-99BD-C1E3EA91F0F8}.Debug|x86.Deploy.0 = Debug|Any CPU
		{04E37ABE-C172-4B33-99BD-C1E3EA91F0F8}.Release|Any CPU.ActiveCfg = Release|Any CPU
		{04E37ABE-C172-4B33-99BD-C1E3EA91F0F8}.Release|Any CPU.Build.0 = Release|Any CPU
		{04E37ABE-C172-4B33-99BD-C1E3EA91F0F8}.Release|Any CPU.Deploy.0 = Release|Any CPU
		{04E37ABE-C172-4B33-99BD-C1E3EA91F0F8}.Release|ARM.ActiveCfg = Release|Any CPU
		{04E37ABE-C172-4B33-99BD-C1E3EA91F0F8}.Release|ARM.Build.0 = Release|Any CPU
		{04E37ABE-C172-4B33-99BD-C1E3EA91F0F8}.Release|ARM.Deploy.0 = Release|Any CPU
		{04E37ABE-C172-4B33-99BD-C1E3EA91F0F8}.Release|iPhone.ActiveCfg = Release|Any CPU
		{04E37ABE-C172-4B33-99BD-C1E3EA91F0F8}.Release|iPhone.Build.0 = Release|Any CPU
		{04E37ABE-C172-4B33-99BD-C1E3EA91F0F8}.Release|iPhone.Deploy.0 = Release|Any CPU
		{04E37ABE-C172-4B33-99BD-C1E3EA91F0F8}.Release|iPhoneSimulator.ActiveCfg = Release|Any CPU
		{04E37ABE-C172-4B33-99BD-C1E3EA91F0F8}.Release|iPhoneSimulator.Build.0 = Release|Any CPU
		{04E37ABE-C172-4B33-99BD-C1E3EA91F0F8}.Release|iPhoneSimulator.Deploy.0 = Release|Any CPU
		{04E37ABE-C172-4B33-99BD-C1E3EA91F0F8}.Release|x64.ActiveCfg = Release|Any CPU
		{04E37ABE-C172-4B33-99BD-C1E3EA91F0F8}.Release|x64.Build.0 = Release|Any CPU
		{04E37ABE-C172-4B33-99BD-C1E3EA91F0F8}.Release|x64.Deploy.0 = Release|Any CPU
		{04E37ABE-C172-4B33-99BD-C1E3EA91F0F8}.Release|x86.ActiveCfg = Release|Any CPU
		{04E37ABE-C172-4B33-99BD-C1E3EA91F0F8}.Release|x86.Build.0 = Release|Any CPU
		{04E37ABE-C172-4B33-99BD-C1E3EA91F0F8}.Release|x86.Deploy.0 = Release|Any CPU
		{D56A5C8C-5F34-4665-A650-D105EA3D893C}.Ad-Hoc|Any CPU.ActiveCfg = Ad-Hoc|iPhone
		{D56A5C8C-5F34-4665-A650-D105EA3D893C}.Ad-Hoc|ARM.ActiveCfg = Ad-Hoc|iPhone
		{D56A5C8C-5F34-4665-A650-D105EA3D893C}.Ad-Hoc|iPhone.ActiveCfg = Ad-Hoc|iPhone
		{D56A5C8C-5F34-4665-A650-D105EA3D893C}.Ad-Hoc|iPhone.Build.0 = Ad-Hoc|iPhone
		{D56A5C8C-5F34-4665-A650-D105EA3D893C}.Ad-Hoc|iPhoneSimulator.ActiveCfg = Ad-Hoc|iPhoneSimulator
		{D56A5C8C-5F34-4665-A650-D105EA3D893C}.Ad-Hoc|iPhoneSimulator.Build.0 = Ad-Hoc|iPhoneSimulator
		{D56A5C8C-5F34-4665-A650-D105EA3D893C}.Ad-Hoc|x64.ActiveCfg = Ad-Hoc|iPhone
		{D56A5C8C-5F34-4665-A650-D105EA3D893C}.Ad-Hoc|x86.ActiveCfg = Ad-Hoc|iPhone
		{D56A5C8C-5F34-4665-A650-D105EA3D893C}.AppStore|Any CPU.ActiveCfg = AppStore|iPhone
		{D56A5C8C-5F34-4665-A650-D105EA3D893C}.AppStore|ARM.ActiveCfg = AppStore|iPhone
		{D56A5C8C-5F34-4665-A650-D105EA3D893C}.AppStore|iPhone.ActiveCfg = AppStore|iPhone
		{D56A5C8C-5F34-4665-A650-D105EA3D893C}.AppStore|iPhone.Build.0 = AppStore|iPhone
		{D56A5C8C-5F34-4665-A650-D105EA3D893C}.AppStore|iPhoneSimulator.ActiveCfg = AppStore|iPhoneSimulator
		{D56A5C8C-5F34-4665-A650-D105EA3D893C}.AppStore|iPhoneSimulator.Build.0 = AppStore|iPhoneSimulator
		{D56A5C8C-5F34-4665-A650-D105EA3D893C}.AppStore|x64.ActiveCfg = AppStore|iPhone
		{D56A5C8C-5F34-4665-A650-D105EA3D893C}.AppStore|x86.ActiveCfg = AppStore|iPhone
		{D56A5C8C-5F34-4665-A650-D105EA3D893C}.Debug|Any CPU.ActiveCfg = Debug|iPhone
		{D56A5C8C-5F34-4665-A650-D105EA3D893C}.Debug|ARM.ActiveCfg = Debug|iPhone
		{D56A5C8C-5F34-4665-A650-D105EA3D893C}.Debug|iPhone.ActiveCfg = Debug|iPhone
		{D56A5C8C-5F34-4665-A650-D105EA3D893C}.Debug|iPhone.Build.0 = Debug|iPhone
		{D56A5C8C-5F34-4665-A650-D105EA3D893C}.Debug|iPhoneSimulator.ActiveCfg = Debug|iPhoneSimulator
		{D56A5C8C-5F34-4665-A650-D105EA3D893C}.Debug|iPhoneSimulator.Build.0 = Debug|iPhoneSimulator
		{D56A5C8C-5F34-4665-A650-D105EA3D893C}.Debug|x64.ActiveCfg = Debug|iPhone
		{D56A5C8C-5F34-4665-A650-D105EA3D893C}.Debug|x86.ActiveCfg = Debug|iPhone
		{D56A5C8C-5F34-4665-A650-D105EA3D893C}.Release|Any CPU.ActiveCfg = Release|iPhone
		{D56A5C8C-5F34-4665-A650-D105EA3D893C}.Release|ARM.ActiveCfg = Release|iPhone
		{D56A5C8C-5F34-4665-A650-D105EA3D893C}.Release|iPhone.ActiveCfg = Release|iPhone
		{D56A5C8C-5F34-4665-A650-D105EA3D893C}.Release|iPhone.Build.0 = Release|iPhone
		{D56A5C8C-5F34-4665-A650-D105EA3D893C}.Release|iPhoneSimulator.ActiveCfg = Release|iPhoneSimulator
		{D56A5C8C-5F34-4665-A650-D105EA3D893C}.Release|iPhoneSimulator.Build.0 = Release|iPhoneSimulator
		{D56A5C8C-5F34-4665-A650-D105EA3D893C}.Release|x64.ActiveCfg = Release|iPhone
		{D56A5C8C-5F34-4665-A650-D105EA3D893C}.Release|x86.ActiveCfg = Release|iPhone
		{A3DBF6BB-FE99-492E-973D-7074C60B886B}.Ad-Hoc|Any CPU.ActiveCfg = Release|x86
		{A3DBF6BB-FE99-492E-973D-7074C60B886B}.Ad-Hoc|Any CPU.Build.0 = Release|x86
		{A3DBF6BB-FE99-492E-973D-7074C60B886B}.Ad-Hoc|Any CPU.Deploy.0 = Release|x86
		{A3DBF6BB-FE99-492E-973D-7074C60B886B}.Ad-Hoc|ARM.ActiveCfg = Release|ARM
		{A3DBF6BB-FE99-492E-973D-7074C60B886B}.Ad-Hoc|ARM.Build.0 = Release|ARM
		{A3DBF6BB-FE99-492E-973D-7074C60B886B}.Ad-Hoc|ARM.Deploy.0 = Release|ARM
		{A3DBF6BB-FE99-492E-973D-7074C60B886B}.Ad-Hoc|iPhone.ActiveCfg = Release|x86
		{A3DBF6BB-FE99-492E-973D-7074C60B886B}.Ad-Hoc|iPhone.Build.0 = Release|x86
		{A3DBF6BB-FE99-492E-973D-7074C60B886B}.Ad-Hoc|iPhone.Deploy.0 = Release|x86
		{A3DBF6BB-FE99-492E-973D-7074C60B886B}.Ad-Hoc|iPhoneSimulator.ActiveCfg = Release|x86
		{A3DBF6BB-FE99-492E-973D-7074C60B886B}.Ad-Hoc|iPhoneSimulator.Build.0 = Release|x86
		{A3DBF6BB-FE99-492E-973D-7074C60B886B}.Ad-Hoc|iPhoneSimulator.Deploy.0 = Release|x86
		{A3DBF6BB-FE99-492E-973D-7074C60B886B}.Ad-Hoc|x64.ActiveCfg = Release|x64
		{A3DBF6BB-FE99-492E-973D-7074C60B886B}.Ad-Hoc|x64.Build.0 = Release|x64
		{A3DBF6BB-FE99-492E-973D-7074C60B886B}.Ad-Hoc|x64.Deploy.0 = Release|x64
		{A3DBF6BB-FE99-492E-973D-7074C60B886B}.Ad-Hoc|x86.ActiveCfg = Release|x86
		{A3DBF6BB-FE99-492E-973D-7074C60B886B}.Ad-Hoc|x86.Build.0 = Release|x86
		{A3DBF6BB-FE99-492E-973D-7074C60B886B}.Ad-Hoc|x86.Deploy.0 = Release|x86
		{A3DBF6BB-FE99-492E-973D-7074C60B886B}.AppStore|Any CPU.ActiveCfg = Release|x86
		{A3DBF6BB-FE99-492E-973D-7074C60B886B}.AppStore|Any CPU.Build.0 = Release|x86
		{A3DBF6BB-FE99-492E-973D-7074C60B886B}.AppStore|Any CPU.Deploy.0 = Release|x86
		{A3DBF6BB-FE99-492E-973D-7074C60B886B}.AppStore|ARM.ActiveCfg = Release|ARM
		{A3DBF6BB-FE99-492E-973D-7074C60B886B}.AppStore|ARM.Build.0 = Release|ARM
		{A3DBF6BB-FE99-492E-973D-7074C60B886B}.AppStore|ARM.Deploy.0 = Release|ARM
		{A3DBF6BB-FE99-492E-973D-7074C60B886B}.AppStore|iPhone.ActiveCfg = Release|x86
		{A3DBF6BB-FE99-492E-973D-7074C60B886B}.AppStore|iPhone.Build.0 = Release|x86
		{A3DBF6BB-FE99-492E-973D-7074C60B886B}.AppStore|iPhone.Deploy.0 = Release|x86
		{A3DBF6BB-FE99-492E-973D-7074C60B886B}.AppStore|iPhoneSimulator.ActiveCfg = Release|x86
		{A3DBF6BB-FE99-492E-973D-7074C60B886B}.AppStore|iPhoneSimulator.Build.0 = Release|x86
		{A3DBF6BB-FE99-492E-973D-7074C60B886B}.AppStore|iPhoneSimulator.Deploy.0 = Release|x86
		{A3DBF6BB-FE99-492E-973D-7074C60B886B}.AppStore|x64.ActiveCfg = Release|x64
		{A3DBF6BB-FE99-492E-973D-7074C60B886B}.AppStore|x64.Build.0 = Release|x64
		{A3DBF6BB-FE99-492E-973D-7074C60B886B}.AppStore|x64.Deploy.0 = Release|x64
		{A3DBF6BB-FE99-492E-973D-7074C60B886B}.AppStore|x86.ActiveCfg = Release|x86
		{A3DBF6BB-FE99-492E-973D-7074C60B886B}.AppStore|x86.Build.0 = Release|x86
		{A3DBF6BB-FE99-492E-973D-7074C60B886B}.AppStore|x86.Deploy.0 = Release|x86
		{A3DBF6BB-FE99-492E-973D-7074C60B886B}.Debug|Any CPU.ActiveCfg = Debug|x86
		{A3DBF6BB-FE99-492E-973D-7074C60B886B}.Debug|ARM.ActiveCfg = Debug|ARM
		{A3DBF6BB-FE99-492E-973D-7074C60B886B}.Debug|ARM.Build.0 = Debug|ARM
		{A3DBF6BB-FE99-492E-973D-7074C60B886B}.Debug|ARM.Deploy.0 = Debug|ARM
		{A3DBF6BB-FE99-492E-973D-7074C60B886B}.Debug|iPhone.ActiveCfg = Debug|x86
		{A3DBF6BB-FE99-492E-973D-7074C60B886B}.Debug|iPhoneSimulator.ActiveCfg = Debug|x86
		{A3DBF6BB-FE99-492E-973D-7074C60B886B}.Debug|x64.ActiveCfg = Debug|x64
		{A3DBF6BB-FE99-492E-973D-7074C60B886B}.Debug|x64.Build.0 = Debug|x64
		{A3DBF6BB-FE99-492E-973D-7074C60B886B}.Debug|x64.Deploy.0 = Debug|x64
		{A3DBF6BB-FE99-492E-973D-7074C60B886B}.Debug|x86.ActiveCfg = Debug|x86
		{A3DBF6BB-FE99-492E-973D-7074C60B886B}.Debug|x86.Build.0 = Debug|x86
		{A3DBF6BB-FE99-492E-973D-7074C60B886B}.Debug|x86.Deploy.0 = Debug|x86
		{A3DBF6BB-FE99-492E-973D-7074C60B886B}.Release|Any CPU.ActiveCfg = Release|x86
		{A3DBF6BB-FE99-492E-973D-7074C60B886B}.Release|ARM.ActiveCfg = Release|ARM
		{A3DBF6BB-FE99-492E-973D-7074C60B886B}.Release|ARM.Build.0 = Release|ARM
		{A3DBF6BB-FE99-492E-973D-7074C60B886B}.Release|ARM.Deploy.0 = Release|ARM
		{A3DBF6BB-FE99-492E-973D-7074C60B886B}.Release|iPhone.ActiveCfg = Release|x86
		{A3DBF6BB-FE99-492E-973D-7074C60B886B}.Release|iPhoneSimulator.ActiveCfg = Release|x86
		{A3DBF6BB-FE99-492E-973D-7074C60B886B}.Release|x64.ActiveCfg = Release|x64
		{A3DBF6BB-FE99-492E-973D-7074C60B886B}.Release|x64.Build.0 = Release|x64
		{A3DBF6BB-FE99-492E-973D-7074C60B886B}.Release|x64.Deploy.0 = Release|x64
		{A3DBF6BB-FE99-492E-973D-7074C60B886B}.Release|x86.ActiveCfg = Release|x86
		{A3DBF6BB-FE99-492E-973D-7074C60B886B}.Release|x86.Build.0 = Release|x86
		{A3DBF6BB-FE99-492E-973D-7074C60B886B}.Release|x86.Deploy.0 = Release|x86
	EndGlobalSection
	GlobalSection(SolutionProperties) = preSolution
		HideSolutionNode = FALSE
	EndGlobalSection
EndGlobal
